// !$*UTF8*$!
{
	archiveVersion = 1;
	classes = {
	};
	objectVersion = 56;
	objects = {

/* Begin PBXBuildFile section */
		2B5D28032BCF454300B96591 /* TVMazeAssessmentVIPERApp.swift in Sources */ = {isa = PBXBuildFile; fileRef = 2B5D28022BCF454300B96591 /* TVMazeAssessmentVIPERApp.swift */; };
		2B5D28052BCF454300B96591 /* ContentView.swift in Sources */ = {isa = PBXBuildFile; fileRef = 2B5D28042BCF454300B96591 /* ContentView.swift */; };
		2B5D28072BCF454400B96591 /* Assets.xcassets in Resources */ = {isa = PBXBuildFile; fileRef = 2B5D28062BCF454400B96591 /* Assets.xcassets */; };
		2B5D280A2BCF454400B96591 /* Preview Assets.xcassets in Resources */ = {isa = PBXBuildFile; fileRef = 2B5D28092BCF454400B96591 /* Preview Assets.xcassets */; };
		2B5D281E2BCF454400B96591 /* TVMazeAssessmentVIPERUITests.swift in Sources */ = {isa = PBXBuildFile; fileRef = 2B5D281D2BCF454400B96591 /* TVMazeAssessmentVIPERUITests.swift */; };
		2B5D28202BCF454400B96591 /* TVMazeAssessmentVIPERUITestsLaunchTests.swift in Sources */ = {isa = PBXBuildFile; fileRef = 2B5D281F2BCF454400B96591 /* TVMazeAssessmentVIPERUITestsLaunchTests.swift */; };
		2B5D28312BCF50C000B96591 /* PosterHavingType.swift in Sources */ = {isa = PBXBuildFile; fileRef = 2B5D28302BCF50C000B96591 /* PosterHavingType.swift */; };
		2B5D28382BCF510700B96591 /* ShowContainer.swift in Sources */ = {isa = PBXBuildFile; fileRef = 2B5D28322BCF510600B96591 /* ShowContainer.swift */; };
		2B5D28392BCF510700B96591 /* Images.swift in Sources */ = {isa = PBXBuildFile; fileRef = 2B5D28332BCF510600B96591 /* Images.swift */; };
		2B5D283A2BCF510700B96591 /* Season.swift in Sources */ = {isa = PBXBuildFile; fileRef = 2B5D28342BCF510600B96591 /* Season.swift */; };
		2B5D283B2BCF510700B96591 /* Show.swift in Sources */ = {isa = PBXBuildFile; fileRef = 2B5D28352BCF510600B96591 /* Show.swift */; };
		2B5D283C2BCF510700B96591 /* Episode.swift in Sources */ = {isa = PBXBuildFile; fileRef = 2B5D28362BCF510700B96591 /* Episode.swift */; };
		2B5D283D2BCF510700B96591 /* Schedule.swift in Sources */ = {isa = PBXBuildFile; fileRef = 2B5D28372BCF510700B96591 /* Schedule.swift */; };
		2B5D28472BCF51B300B96591 /* SampleShowsPage0.json in Resources */ = {isa = PBXBuildFile; fileRef = 2B5D28412BCF51B300B96591 /* SampleShowsPage0.json */; };
		2B5D28482BCF51B300B96591 /* ShowEpisodesSample.json in Resources */ = {isa = PBXBuildFile; fileRef = 2B5D28422BCF51B300B96591 /* ShowEpisodesSample.json */; };
		2B5D28492BCF51B300B96591 /* SampleShowList.json in Resources */ = {isa = PBXBuildFile; fileRef = 2B5D28432BCF51B300B96591 /* SampleShowList.json */; };
		2B5D284A2BCF51B300B96591 /* SampleShow.json in Resources */ = {isa = PBXBuildFile; fileRef = 2B5D28442BCF51B300B96591 /* SampleShow.json */; };
		2B5D284B2BCF51B300B96591 /* SampleShowSearchResponse.json in Resources */ = {isa = PBXBuildFile; fileRef = 2B5D28452BCF51B300B96591 /* SampleShowSearchResponse.json */; };
		2B5D284C2BCF51B300B96591 /* SampleShowsPage1.json in Resources */ = {isa = PBXBuildFile; fileRef = 2B5D28462BCF51B300B96591 /* SampleShowsPage1.json */; };
		2B5D28512BCF51C500B96591 /* ShowContainerTests.swift in Sources */ = {isa = PBXBuildFile; fileRef = 2B5D284D2BCF51C500B96591 /* ShowContainerTests.swift */; };
		2B5D28522BCF51C500B96591 /* SeasonTests.swift in Sources */ = {isa = PBXBuildFile; fileRef = 2B5D284E2BCF51C500B96591 /* SeasonTests.swift */; };
		2B5D28532BCF51C500B96591 /* ShowTests.swift in Sources */ = {isa = PBXBuildFile; fileRef = 2B5D284F2BCF51C500B96591 /* ShowTests.swift */; };
		2B5D28542BCF51C500B96591 /* EpisodeTests.swift in Sources */ = {isa = PBXBuildFile; fileRef = 2B5D28502BCF51C500B96591 /* EpisodeTests.swift */; };
		2B5D28562BCF51E700B96591 /* JSONLoader.swift in Sources */ = {isa = PBXBuildFile; fileRef = 2B5D28552BCF51E700B96591 /* JSONLoader.swift */; };
		2B5D285C2BCF56A700B96591 /* TVmazeAPIDataProvider.swift in Sources */ = {isa = PBXBuildFile; fileRef = 2B5D285B2BCF56A700B96591 /* TVmazeAPIDataProvider.swift */; };
		2B5D28602BCF60BB00B96591 /* PagedShowsView.swift in Sources */ = {isa = PBXBuildFile; fileRef = 2B5D285F2BCF60BB00B96591 /* PagedShowsView.swift */; };
		2B5D28622BCF60DC00B96591 /* PagedShowsInterator.swift in Sources */ = {isa = PBXBuildFile; fileRef = 2B5D28612BCF60DC00B96591 /* PagedShowsInterator.swift */; };
		2B5D28642BCF60ED00B96591 /* PagedShowsPresenter.swift in Sources */ = {isa = PBXBuildFile; fileRef = 2B5D28632BCF60ED00B96591 /* PagedShowsPresenter.swift */; };
		2B5D28692BCF6B1300B96591 /* ShowRowView.swift in Sources */ = {isa = PBXBuildFile; fileRef = 2B5D28682BCF6B1300B96591 /* ShowRowView.swift */; };
		2B5D286B2BCF6B6800B96591 /* ImageCache.swift in Sources */ = {isa = PBXBuildFile; fileRef = 2B5D286A2BCF6B6800B96591 /* ImageCache.swift */; };
		2B5D286D2BCF6BBB00B96591 /* SampleEntities.swift in Sources */ = {isa = PBXBuildFile; fileRef = 2B5D286C2BCF6BBB00B96591 /* SampleEntities.swift */; };
		2B5D28702BCF762300B96591 /* PagedShowsInteractorTests.swift in Sources */ = {isa = PBXBuildFile; fileRef = 2B5D286F2BCF762300B96591 /* PagedShowsInteractorTests.swift */; };
		2B5D28742BCF84BC00B96591 /* MockTVmazeAPIDataProvider.swift in Sources */ = {isa = PBXBuildFile; fileRef = 2B5D28732BCF84BC00B96591 /* MockTVmazeAPIDataProvider.swift */; };
		2B5D287C2BCFA67900B96591 /* ShowSearchView.swift in Sources */ = {isa = PBXBuildFile; fileRef = 2B5D287B2BCFA67900B96591 /* ShowSearchView.swift */; };
		2B5D287E2BCFA68D00B96591 /* ShowSearchPresenter.swift in Sources */ = {isa = PBXBuildFile; fileRef = 2B5D287D2BCFA68D00B96591 /* ShowSearchPresenter.swift */; };
		2B5D28802BCFA69C00B96591 /* ShowSearchInteractor.swift in Sources */ = {isa = PBXBuildFile; fileRef = 2B5D287F2BCFA69C00B96591 /* ShowSearchInteractor.swift */; };
		2B5D28832BCFB0EF00B96591 /* String+SearchSanitising.swift in Sources */ = {isa = PBXBuildFile; fileRef = 2B5D28822BCFB0EF00B96591 /* String+SearchSanitising.swift */; };
		2BBC5C742BCFC6CF009AA598 /* SearchShowsInteractorTests.swift in Sources */ = {isa = PBXBuildFile; fileRef = 2BBC5C732BCFC6CF009AA598 /* SearchShowsInteractorTests.swift */; };
		2BBC5C772BCFC895009AA598 /* ShowDetailsView.swift in Sources */ = {isa = PBXBuildFile; fileRef = 2BBC5C762BCFC895009AA598 /* ShowDetailsView.swift */; };
		2BBC5C792BCFC8DF009AA598 /* ShowDetailsInteractor.swift in Sources */ = {isa = PBXBuildFile; fileRef = 2BBC5C782BCFC8DF009AA598 /* ShowDetailsInteractor.swift */; };
		2BBC5C7B2BCFC8EE009AA598 /* ShowDetailsPresenter.swift in Sources */ = {isa = PBXBuildFile; fileRef = 2BBC5C7A2BCFC8EE009AA598 /* ShowDetailsPresenter.swift */; };
		2BBC5C7D2BCFD4FF009AA598 /* Image+Formatting.swift in Sources */ = {isa = PBXBuildFile; fileRef = 2BBC5C7C2BCFD4FF009AA598 /* Image+Formatting.swift */; };
		2BBC5C802BCFD573009AA598 /* String+RemoveHTMLTags.swift in Sources */ = {isa = PBXBuildFile; fileRef = 2BBC5C7F2BCFD573009AA598 /* String+RemoveHTMLTags.swift */; };
		2BBC5C822BCFD621009AA598 /* ShowDetailsRouter.swift in Sources */ = {isa = PBXBuildFile; fileRef = 2BBC5C812BCFD621009AA598 /* ShowDetailsRouter.swift */; };
		2BBC5C862BCFDA27009AA598 /* JSONHTTPClient in Frameworks */ = {isa = PBXBuildFile; productRef = 2BBC5C852BCFDA27009AA598 /* JSONHTTPClient */; };
		2BED59FB2BD0380D0081E963 /* EpisodeRowView.swift in Sources */ = {isa = PBXBuildFile; fileRef = 2BED59FA2BD0380D0081E963 /* EpisodeRowView.swift */; };
		2BED59FE2BD05DFC0081E963 /* XCTest_BlockExpectations in Frameworks */ = {isa = PBXBuildFile; productRef = 2BED59FD2BD05DFC0081E963 /* XCTest_BlockExpectations */; };
		2BED5A012BD060D90081E963 /* ShowDetailRouter.swift in Sources */ = {isa = PBXBuildFile; fileRef = 2BED5A002BD060D90081E963 /* ShowDetailRouter.swift */; };
		2BED5A032BD064470081E963 /* ShowDetailsInteractorTests.swift in Sources */ = {isa = PBXBuildFile; fileRef = 2BED5A022BD064470081E963 /* ShowDetailsInteractorTests.swift */; };
/* End PBXBuildFile section */

/* Begin PBXContainerItemProxy section */
		2B5D28102BCF454400B96591 /* PBXContainerItemProxy */ = {
			isa = PBXContainerItemProxy;
			containerPortal = 2B5D27F72BCF454300B96591 /* Project object */;
			proxyType = 1;
			remoteGlobalIDString = 2B5D27FE2BCF454300B96591;
			remoteInfo = TVMazeAssessmentVIPER;
		};
		2B5D281A2BCF454400B96591 /* PBXContainerItemProxy */ = {
			isa = PBXContainerItemProxy;
			containerPortal = 2B5D27F72BCF454300B96591 /* Project object */;
			proxyType = 1;
			remoteGlobalIDString = 2B5D27FE2BCF454300B96591;
			remoteInfo = TVMazeAssessmentVIPER;
		};
/* End PBXContainerItemProxy section */

/* Begin PBXFileReference section */
		2B5D27FF2BCF454300B96591 /* TVMazeAssessmentVIPER.app */ = {isa = PBXFileReference; explicitFileType = wrapper.application; includeInIndex = 0; path = TVMazeAssessmentVIPER.app; sourceTree = BUILT_PRODUCTS_DIR; };
		2B5D28022BCF454300B96591 /* TVMazeAssessmentVIPERApp.swift */ = {isa = PBXFileReference; lastKnownFileType = sourcecode.swift; path = TVMazeAssessmentVIPERApp.swift; sourceTree = "<group>"; };
		2B5D28042BCF454300B96591 /* ContentView.swift */ = {isa = PBXFileReference; lastKnownFileType = sourcecode.swift; path = ContentView.swift; sourceTree = "<group>"; };
		2B5D28062BCF454400B96591 /* Assets.xcassets */ = {isa = PBXFileReference; lastKnownFileType = folder.assetcatalog; path = Assets.xcassets; sourceTree = "<group>"; };
		2B5D28092BCF454400B96591 /* Preview Assets.xcassets */ = {isa = PBXFileReference; lastKnownFileType = folder.assetcatalog; path = "Preview Assets.xcassets"; sourceTree = "<group>"; };
		2B5D280F2BCF454400B96591 /* TVMazeAssessmentVIPERTests.xctest */ = {isa = PBXFileReference; explicitFileType = wrapper.cfbundle; includeInIndex = 0; path = TVMazeAssessmentVIPERTests.xctest; sourceTree = BUILT_PRODUCTS_DIR; };
		2B5D28192BCF454400B96591 /* TVMazeAssessmentVIPERUITests.xctest */ = {isa = PBXFileReference; explicitFileType = wrapper.cfbundle; includeInIndex = 0; path = TVMazeAssessmentVIPERUITests.xctest; sourceTree = BUILT_PRODUCTS_DIR; };
		2B5D281D2BCF454400B96591 /* TVMazeAssessmentVIPERUITests.swift */ = {isa = PBXFileReference; lastKnownFileType = sourcecode.swift; path = TVMazeAssessmentVIPERUITests.swift; sourceTree = "<group>"; };
		2B5D281F2BCF454400B96591 /* TVMazeAssessmentVIPERUITestsLaunchTests.swift */ = {isa = PBXFileReference; lastKnownFileType = sourcecode.swift; path = TVMazeAssessmentVIPERUITestsLaunchTests.swift; sourceTree = "<group>"; };
		2B5D28302BCF50C000B96591 /* PosterHavingType.swift */ = {isa = PBXFileReference; lastKnownFileType = sourcecode.swift; path = PosterHavingType.swift; sourceTree = "<group>"; };
		2B5D28322BCF510600B96591 /* ShowContainer.swift */ = {isa = PBXFileReference; fileEncoding = 4; lastKnownFileType = sourcecode.swift; path = ShowContainer.swift; sourceTree = "<group>"; };
		2B5D28332BCF510600B96591 /* Images.swift */ = {isa = PBXFileReference; fileEncoding = 4; lastKnownFileType = sourcecode.swift; path = Images.swift; sourceTree = "<group>"; };
		2B5D28342BCF510600B96591 /* Season.swift */ = {isa = PBXFileReference; fileEncoding = 4; lastKnownFileType = sourcecode.swift; path = Season.swift; sourceTree = "<group>"; };
		2B5D28352BCF510600B96591 /* Show.swift */ = {isa = PBXFileReference; fileEncoding = 4; lastKnownFileType = sourcecode.swift; path = Show.swift; sourceTree = "<group>"; };
		2B5D28362BCF510700B96591 /* Episode.swift */ = {isa = PBXFileReference; fileEncoding = 4; lastKnownFileType = sourcecode.swift; path = Episode.swift; sourceTree = "<group>"; };
		2B5D28372BCF510700B96591 /* Schedule.swift */ = {isa = PBXFileReference; fileEncoding = 4; lastKnownFileType = sourcecode.swift; path = Schedule.swift; sourceTree = "<group>"; };
		2B5D28412BCF51B300B96591 /* SampleShowsPage0.json */ = {isa = PBXFileReference; fileEncoding = 4; lastKnownFileType = text.json; path = SampleShowsPage0.json; sourceTree = "<group>"; };
		2B5D28422BCF51B300B96591 /* ShowEpisodesSample.json */ = {isa = PBXFileReference; fileEncoding = 4; lastKnownFileType = text.json; path = ShowEpisodesSample.json; sourceTree = "<group>"; };
		2B5D28432BCF51B300B96591 /* SampleShowList.json */ = {isa = PBXFileReference; fileEncoding = 4; lastKnownFileType = text.json; path = SampleShowList.json; sourceTree = "<group>"; };
		2B5D28442BCF51B300B96591 /* SampleShow.json */ = {isa = PBXFileReference; fileEncoding = 4; lastKnownFileType = text.json; path = SampleShow.json; sourceTree = "<group>"; };
		2B5D28452BCF51B300B96591 /* SampleShowSearchResponse.json */ = {isa = PBXFileReference; fileEncoding = 4; lastKnownFileType = text.json; path = SampleShowSearchResponse.json; sourceTree = "<group>"; };
		2B5D28462BCF51B300B96591 /* SampleShowsPage1.json */ = {isa = PBXFileReference; fileEncoding = 4; lastKnownFileType = text.json; path = SampleShowsPage1.json; sourceTree = "<group>"; };
		2B5D284D2BCF51C500B96591 /* ShowContainerTests.swift */ = {isa = PBXFileReference; fileEncoding = 4; lastKnownFileType = sourcecode.swift; path = ShowContainerTests.swift; sourceTree = "<group>"; };
		2B5D284E2BCF51C500B96591 /* SeasonTests.swift */ = {isa = PBXFileReference; fileEncoding = 4; lastKnownFileType = sourcecode.swift; path = SeasonTests.swift; sourceTree = "<group>"; };
		2B5D284F2BCF51C500B96591 /* ShowTests.swift */ = {isa = PBXFileReference; fileEncoding = 4; lastKnownFileType = sourcecode.swift; path = ShowTests.swift; sourceTree = "<group>"; };
		2B5D28502BCF51C500B96591 /* EpisodeTests.swift */ = {isa = PBXFileReference; fileEncoding = 4; lastKnownFileType = sourcecode.swift; path = EpisodeTests.swift; sourceTree = "<group>"; };
		2B5D28552BCF51E700B96591 /* JSONLoader.swift */ = {isa = PBXFileReference; lastKnownFileType = sourcecode.swift; path = JSONLoader.swift; sourceTree = "<group>"; };
		2B5D285B2BCF56A700B96591 /* TVmazeAPIDataProvider.swift */ = {isa = PBXFileReference; lastKnownFileType = sourcecode.swift; path = TVmazeAPIDataProvider.swift; sourceTree = "<group>"; };
		2B5D285F2BCF60BB00B96591 /* PagedShowsView.swift */ = {isa = PBXFileReference; lastKnownFileType = sourcecode.swift; path = PagedShowsView.swift; sourceTree = "<group>"; };
		2B5D28612BCF60DC00B96591 /* PagedShowsInterator.swift */ = {isa = PBXFileReference; lastKnownFileType = sourcecode.swift; path = PagedShowsInterator.swift; sourceTree = "<group>"; };
		2B5D28632BCF60ED00B96591 /* PagedShowsPresenter.swift */ = {isa = PBXFileReference; lastKnownFileType = sourcecode.swift; path = PagedShowsPresenter.swift; sourceTree = "<group>"; };
		2B5D28682BCF6B1300B96591 /* ShowRowView.swift */ = {isa = PBXFileReference; lastKnownFileType = sourcecode.swift; path = ShowRowView.swift; sourceTree = "<group>"; };
		2B5D286A2BCF6B6800B96591 /* ImageCache.swift */ = {isa = PBXFileReference; lastKnownFileType = sourcecode.swift; path = ImageCache.swift; sourceTree = "<group>"; };
		2B5D286C2BCF6BBB00B96591 /* SampleEntities.swift */ = {isa = PBXFileReference; lastKnownFileType = sourcecode.swift; path = SampleEntities.swift; sourceTree = "<group>"; };
		2B5D286F2BCF762300B96591 /* PagedShowsInteractorTests.swift */ = {isa = PBXFileReference; lastKnownFileType = sourcecode.swift; path = PagedShowsInteractorTests.swift; sourceTree = "<group>"; };
		2B5D28732BCF84BC00B96591 /* MockTVmazeAPIDataProvider.swift */ = {isa = PBXFileReference; lastKnownFileType = sourcecode.swift; path = MockTVmazeAPIDataProvider.swift; sourceTree = "<group>"; };
		2B5D287B2BCFA67900B96591 /* ShowSearchView.swift */ = {isa = PBXFileReference; lastKnownFileType = sourcecode.swift; path = ShowSearchView.swift; sourceTree = "<group>"; };
		2B5D287D2BCFA68D00B96591 /* ShowSearchPresenter.swift */ = {isa = PBXFileReference; lastKnownFileType = sourcecode.swift; path = ShowSearchPresenter.swift; sourceTree = "<group>"; };
		2B5D287F2BCFA69C00B96591 /* ShowSearchInteractor.swift */ = {isa = PBXFileReference; lastKnownFileType = sourcecode.swift; path = ShowSearchInteractor.swift; sourceTree = "<group>"; };
		2B5D28822BCFB0EF00B96591 /* String+SearchSanitising.swift */ = {isa = PBXFileReference; lastKnownFileType = sourcecode.swift; path = "String+SearchSanitising.swift"; sourceTree = "<group>"; };
		2BBC5C732BCFC6CF009AA598 /* SearchShowsInteractorTests.swift */ = {isa = PBXFileReference; lastKnownFileType = sourcecode.swift; path = SearchShowsInteractorTests.swift; sourceTree = "<group>"; };
		2BBC5C762BCFC895009AA598 /* ShowDetailsView.swift */ = {isa = PBXFileReference; lastKnownFileType = sourcecode.swift; path = ShowDetailsView.swift; sourceTree = "<group>"; };
		2BBC5C782BCFC8DF009AA598 /* ShowDetailsInteractor.swift */ = {isa = PBXFileReference; lastKnownFileType = sourcecode.swift; path = ShowDetailsInteractor.swift; sourceTree = "<group>"; };
		2BBC5C7A2BCFC8EE009AA598 /* ShowDetailsPresenter.swift */ = {isa = PBXFileReference; lastKnownFileType = sourcecode.swift; path = ShowDetailsPresenter.swift; sourceTree = "<group>"; };
		2BBC5C7C2BCFD4FF009AA598 /* Image+Formatting.swift */ = {isa = PBXFileReference; lastKnownFileType = sourcecode.swift; path = "Image+Formatting.swift"; sourceTree = "<group>"; };
		2BBC5C7F2BCFD573009AA598 /* String+RemoveHTMLTags.swift */ = {isa = PBXFileReference; lastKnownFileType = sourcecode.swift; path = "String+RemoveHTMLTags.swift"; sourceTree = "<group>"; };
		2BBC5C812BCFD621009AA598 /* ShowDetailsRouter.swift */ = {isa = PBXFileReference; lastKnownFileType = sourcecode.swift; path = ShowDetailsRouter.swift; sourceTree = "<group>"; };
		2BED59FA2BD0380D0081E963 /* EpisodeRowView.swift */ = {isa = PBXFileReference; lastKnownFileType = sourcecode.swift; path = EpisodeRowView.swift; sourceTree = "<group>"; };
		2BED5A002BD060D90081E963 /* ShowDetailRouter.swift */ = {isa = PBXFileReference; lastKnownFileType = sourcecode.swift; path = ShowDetailRouter.swift; sourceTree = "<group>"; };
		2BED5A022BD064470081E963 /* ShowDetailsInteractorTests.swift */ = {isa = PBXFileReference; lastKnownFileType = sourcecode.swift; path = ShowDetailsInteractorTests.swift; sourceTree = "<group>"; };
/* End PBXFileReference section */

/* Begin PBXFrameworksBuildPhase section */
		2B5D27FC2BCF454300B96591 /* Frameworks */ = {
			isa = PBXFrameworksBuildPhase;
			buildActionMask = 2147483647;
			files = (
				2BBC5C862BCFDA27009AA598 /* JSONHTTPClient in Frameworks */,
			);
			runOnlyForDeploymentPostprocessing = 0;
		};
		2B5D280C2BCF454400B96591 /* Frameworks */ = {
			isa = PBXFrameworksBuildPhase;
			buildActionMask = 2147483647;
			files = (
				2BED59FE2BD05DFC0081E963 /* XCTest_BlockExpectations in Frameworks */,
			);
			runOnlyForDeploymentPostprocessing = 0;
		};
		2B5D28162BCF454400B96591 /* Frameworks */ = {
			isa = PBXFrameworksBuildPhase;
			buildActionMask = 2147483647;
			files = (
			);
			runOnlyForDeploymentPostprocessing = 0;
		};
/* End PBXFrameworksBuildPhase section */

/* Begin PBXGroup section */
		2B5D27F62BCF454300B96591 = {
			isa = PBXGroup;
			children = (
				2B5D28012BCF454300B96591 /* TVMazeAssessmentVIPER */,
				2B5D28122BCF454400B96591 /* TVMazeAssessmentVIPERTests */,
				2B5D281C2BCF454400B96591 /* TVMazeAssessmentVIPERUITests */,
				2B5D28002BCF454300B96591 /* Products */,
				2BBC5C842BCFDA27009AA598 /* Frameworks */,
			);
			sourceTree = "<group>";
		};
		2B5D28002BCF454300B96591 /* Products */ = {
			isa = PBXGroup;
			children = (
				2B5D27FF2BCF454300B96591 /* TVMazeAssessmentVIPER.app */,
				2B5D280F2BCF454400B96591 /* TVMazeAssessmentVIPERTests.xctest */,
				2B5D28192BCF454400B96591 /* TVMazeAssessmentVIPERUITests.xctest */,
			);
			name = Products;
			sourceTree = "<group>";
		};
		2B5D28012BCF454300B96591 /* TVMazeAssessmentVIPER */ = {
			isa = PBXGroup;
			children = (
				2BED59FF2BD060C50081E963 /* Router */,
				2BBC5C7E2BCFD569009AA598 /* Styling */,
				2B5D28812BCFB0D500B96591 /* Util */,
				2B5D28042BCF454300B96591 /* ContentView.swift */,
				2B5D28022BCF454300B96591 /* TVMazeAssessmentVIPERApp.swift */,
				2B5D28672BCF6AF800B96591 /* View */,
				2B5D285D2BCF603400B96591 /* Modules */,
				2B5D282D2BCF506000B96591 /* Entities */,
				2B5D28572BCF550100B96591 /* DataSources */,
				2B5D28062BCF454400B96591 /* Assets.xcassets */,
				2B5D28082BCF454400B96591 /* Preview Content */,
			);
			path = TVMazeAssessmentVIPER;
			sourceTree = "<group>";
		};
		2B5D28082BCF454400B96591 /* Preview Content */ = {
			isa = PBXGroup;
			children = (
				2B5D28092BCF454400B96591 /* Preview Assets.xcassets */,
				2B5D286C2BCF6BBB00B96591 /* SampleEntities.swift */,
			);
			path = "Preview Content";
			sourceTree = "<group>";
		};
		2B5D28122BCF454400B96591 /* TVMazeAssessmentVIPERTests */ = {
			isa = PBXGroup;
			children = (
				2B5D286E2BCF75E900B96591 /* Interactors */,
				2B5D283F2BCF511C00B96591 /* Entities */,
				2B5D283E2BCF511400B96591 /* Util */,
				2B5D28402BCF517300B96591 /* Document */,
			);
			path = TVMazeAssessmentVIPERTests;
			sourceTree = "<group>";
		};
		2B5D281C2BCF454400B96591 /* TVMazeAssessmentVIPERUITests */ = {
			isa = PBXGroup;
			children = (
				2B5D281D2BCF454400B96591 /* TVMazeAssessmentVIPERUITests.swift */,
				2B5D281F2BCF454400B96591 /* TVMazeAssessmentVIPERUITestsLaunchTests.swift */,
			);
			path = TVMazeAssessmentVIPERUITests;
			sourceTree = "<group>";
		};
		2B5D282D2BCF506000B96591 /* Entities */ = {
			isa = PBXGroup;
			children = (
				2B5D282F2BCF50AF00B96591 /* Protocols */,
				2B5D28362BCF510700B96591 /* Episode.swift */,
				2B5D28332BCF510600B96591 /* Images.swift */,
				2B5D28342BCF510600B96591 /* Season.swift */,
				2B5D28372BCF510700B96591 /* Schedule.swift */,
				2B5D28352BCF510600B96591 /* Show.swift */,
				2B5D28322BCF510600B96591 /* ShowContainer.swift */,
			);
			path = Entities;
			sourceTree = "<group>";
		};
		2B5D282F2BCF50AF00B96591 /* Protocols */ = {
			isa = PBXGroup;
			children = (
				2B5D28302BCF50C000B96591 /* PosterHavingType.swift */,
			);
			path = Protocols;
			sourceTree = "<group>";
		};
		2B5D283E2BCF511400B96591 /* Util */ = {
			isa = PBXGroup;
			children = (
				2B5D28552BCF51E700B96591 /* JSONLoader.swift */,
				2B5D28732BCF84BC00B96591 /* MockTVmazeAPIDataProvider.swift */,
			);
			path = Util;
			sourceTree = "<group>";
		};
		2B5D283F2BCF511C00B96591 /* Entities */ = {
			isa = PBXGroup;
			children = (
				2B5D28502BCF51C500B96591 /* EpisodeTests.swift */,
				2B5D284E2BCF51C500B96591 /* SeasonTests.swift */,
				2B5D284D2BCF51C500B96591 /* ShowContainerTests.swift */,
				2B5D284F2BCF51C500B96591 /* ShowTests.swift */,
			);
			path = Entities;
			sourceTree = "<group>";
		};
		2B5D28402BCF517300B96591 /* Document */ = {
			isa = PBXGroup;
			children = (
				2B5D28442BCF51B300B96591 /* SampleShow.json */,
				2B5D28432BCF51B300B96591 /* SampleShowList.json */,
				2B5D28452BCF51B300B96591 /* SampleShowSearchResponse.json */,
				2B5D28412BCF51B300B96591 /* SampleShowsPage0.json */,
				2B5D28462BCF51B300B96591 /* SampleShowsPage1.json */,
				2B5D28422BCF51B300B96591 /* ShowEpisodesSample.json */,
			);
			path = Document;
			sourceTree = "<group>";
		};
		2B5D28572BCF550100B96591 /* DataSources */ = {
			isa = PBXGroup;
			children = (
				2B5D285B2BCF56A700B96591 /* TVmazeAPIDataProvider.swift */,
				2B5D286A2BCF6B6800B96591 /* ImageCache.swift */,
			);
			path = DataSources;
			sourceTree = "<group>";
		};
		2B5D285D2BCF603400B96591 /* Modules */ = {
			isa = PBXGroup;
			children = (
				2BBC5C752BCFC861009AA598 /* ShowDetailsModule */,
				2B5D287A2BCFA64C00B96591 /* ShowSearchModule */,
				2B5D285E2BCF609200B96591 /* PagedShowsModule */,
				2BBC5C812BCFD621009AA598 /* ShowDetailsRouter.swift */,
			);
			path = Modules;
			sourceTree = "<group>";
		};
		2B5D285E2BCF609200B96591 /* PagedShowsModule */ = {
			isa = PBXGroup;
			children = (
				2B5D285F2BCF60BB00B96591 /* PagedShowsView.swift */,
				2B5D28612BCF60DC00B96591 /* PagedShowsInterator.swift */,
				2B5D28632BCF60ED00B96591 /* PagedShowsPresenter.swift */,
			);
			path = PagedShowsModule;
			sourceTree = "<group>";
		};
		2B5D28672BCF6AF800B96591 /* View */ = {
			isa = PBXGroup;
			children = (
				2BED59FA2BD0380D0081E963 /* EpisodeRowView.swift */,
				2B5D28682BCF6B1300B96591 /* ShowRowView.swift */,
			);
			name = View;
			path = Modules/View;
			sourceTree = "<group>";
		};
		2B5D286E2BCF75E900B96591 /* Interactors */ = {
			isa = PBXGroup;
			children = (
				2B5D286F2BCF762300B96591 /* PagedShowsInteractorTests.swift */,
				2BBC5C732BCFC6CF009AA598 /* SearchShowsInteractorTests.swift */,
				2BED5A022BD064470081E963 /* ShowDetailsInteractorTests.swift */,
			);
			path = Interactors;
			sourceTree = "<group>";
		};
		2B5D287A2BCFA64C00B96591 /* ShowSearchModule */ = {
			isa = PBXGroup;
			children = (
				2B5D287B2BCFA67900B96591 /* ShowSearchView.swift */,
				2B5D287D2BCFA68D00B96591 /* ShowSearchPresenter.swift */,
				2B5D287F2BCFA69C00B96591 /* ShowSearchInteractor.swift */,
			);
			path = ShowSearchModule;
			sourceTree = "<group>";
		};
		2B5D28812BCFB0D500B96591 /* Util */ = {
			isa = PBXGroup;
			children = (
				2B5D28822BCFB0EF00B96591 /* String+SearchSanitising.swift */,
			);
			path = Util;
			sourceTree = "<group>";
		};
		2BBC5C752BCFC861009AA598 /* ShowDetailsModule */ = {
			isa = PBXGroup;
			children = (
				2BBC5C762BCFC895009AA598 /* ShowDetailsView.swift */,
				2BBC5C7A2BCFC8EE009AA598 /* ShowDetailsPresenter.swift */,
				2BBC5C782BCFC8DF009AA598 /* ShowDetailsInteractor.swift */,
			);
			path = ShowDetailsModule;
			sourceTree = "<group>";
		};
		2BBC5C7E2BCFD569009AA598 /* Styling */ = {
			isa = PBXGroup;
			children = (
				2BBC5C7C2BCFD4FF009AA598 /* Image+Formatting.swift */,
				2BBC5C7F2BCFD573009AA598 /* String+RemoveHTMLTags.swift */,
			);
			path = Styling;
			sourceTree = "<group>";
		};
		2BBC5C842BCFDA27009AA598 /* Frameworks */ = {
			isa = PBXGroup;
			children = (
			);
			name = Frameworks;
			sourceTree = "<group>";
		};
		2BED59FF2BD060C50081E963 /* Router */ = {
			isa = PBXGroup;
			children = (
				2BED5A002BD060D90081E963 /* ShowDetailRouter.swift */,
			);
			path = Router;
			sourceTree = "<group>";
		};
/* End PBXGroup section */

/* Begin PBXNativeTarget section */
		2B5D27FE2BCF454300B96591 /* TVMazeAssessmentVIPER */ = {
			isa = PBXNativeTarget;
			buildConfigurationList = 2B5D28232BCF454400B96591 /* Build configuration list for PBXNativeTarget "TVMazeAssessmentVIPER" */;
			buildPhases = (
				2B5D27FB2BCF454300B96591 /* Sources */,
				2B5D27FC2BCF454300B96591 /* Frameworks */,
				2B5D27FD2BCF454300B96591 /* Resources */,
			);
			buildRules = (
			);
			dependencies = (
			);
			name = TVMazeAssessmentVIPER;
			packageProductDependencies = (
				2BBC5C852BCFDA27009AA598 /* JSONHTTPClient */,
			);
			productName = TVMazeAssessmentVIPER;
			productReference = 2B5D27FF2BCF454300B96591 /* TVMazeAssessmentVIPER.app */;
			productType = "com.apple.product-type.application";
		};
		2B5D280E2BCF454400B96591 /* TVMazeAssessmentVIPERTests */ = {
			isa = PBXNativeTarget;
			buildConfigurationList = 2B5D28262BCF454400B96591 /* Build configuration list for PBXNativeTarget "TVMazeAssessmentVIPERTests" */;
			buildPhases = (
				2B5D280B2BCF454400B96591 /* Sources */,
				2B5D280C2BCF454400B96591 /* Frameworks */,
				2B5D280D2BCF454400B96591 /* Resources */,
			);
			buildRules = (
			);
			dependencies = (
				2B5D28112BCF454400B96591 /* PBXTargetDependency */,
			);
			name = TVMazeAssessmentVIPERTests;
			packageProductDependencies = (
				2BED59FD2BD05DFC0081E963 /* XCTest_BlockExpectations */,
			);
			productName = TVMazeAssessmentVIPERTests;
			productReference = 2B5D280F2BCF454400B96591 /* TVMazeAssessmentVIPERTests.xctest */;
			productType = "com.apple.product-type.bundle.unit-test";
		};
		2B5D28182BCF454400B96591 /* TVMazeAssessmentVIPERUITests */ = {
			isa = PBXNativeTarget;
			buildConfigurationList = 2B5D28292BCF454400B96591 /* Build configuration list for PBXNativeTarget "TVMazeAssessmentVIPERUITests" */;
			buildPhases = (
				2B5D28152BCF454400B96591 /* Sources */,
				2B5D28162BCF454400B96591 /* Frameworks */,
				2B5D28172BCF454400B96591 /* Resources */,
			);
			buildRules = (
			);
			dependencies = (
				2B5D281B2BCF454400B96591 /* PBXTargetDependency */,
			);
			name = TVMazeAssessmentVIPERUITests;
			productName = TVMazeAssessmentVIPERUITests;
			productReference = 2B5D28192BCF454400B96591 /* TVMazeAssessmentVIPERUITests.xctest */;
			productType = "com.apple.product-type.bundle.ui-testing";
		};
/* End PBXNativeTarget section */

/* Begin PBXProject section */
		2B5D27F72BCF454300B96591 /* Project object */ = {
			isa = PBXProject;
			attributes = {
				BuildIndependentTargetsInParallel = 1;
				LastSwiftUpdateCheck = 1500;
				LastUpgradeCheck = 1500;
				TargetAttributes = {
					2B5D27FE2BCF454300B96591 = {
						CreatedOnToolsVersion = 15.0.1;
					};
					2B5D280E2BCF454400B96591 = {
						CreatedOnToolsVersion = 15.0.1;
						TestTargetID = 2B5D27FE2BCF454300B96591;
					};
					2B5D28182BCF454400B96591 = {
						CreatedOnToolsVersion = 15.0.1;
						TestTargetID = 2B5D27FE2BCF454300B96591;
					};
				};
			};
			buildConfigurationList = 2B5D27FA2BCF454300B96591 /* Build configuration list for PBXProject "TVMazeAssessmentVIPER" */;
			compatibilityVersion = "Xcode 14.0";
			developmentRegion = en;
			hasScannedForEncodings = 0;
			knownRegions = (
				en,
				Base,
			);
			mainGroup = 2B5D27F62BCF454300B96591;
			packageReferences = (
				2BBC5C832BCFDA06009AA598 /* XCRemoteSwiftPackageReference "JSONHTTPClient" */,
				2BED59FC2BD05DA90081E963 /* XCRemoteSwiftPackageReference "XCTestBlockExpectations" */,
			);
			productRefGroup = 2B5D28002BCF454300B96591 /* Products */;
			projectDirPath = "";
			projectRoot = "";
			targets = (
				2B5D27FE2BCF454300B96591 /* TVMazeAssessmentVIPER */,
				2B5D280E2BCF454400B96591 /* TVMazeAssessmentVIPERTests */,
				2B5D28182BCF454400B96591 /* TVMazeAssessmentVIPERUITests */,
			);
		};
/* End PBXProject section */

/* Begin PBXResourcesBuildPhase section */
		2B5D27FD2BCF454300B96591 /* Resources */ = {
			isa = PBXResourcesBuildPhase;
			buildActionMask = 2147483647;
			files = (
				2B5D280A2BCF454400B96591 /* Preview Assets.xcassets in Resources */,
				2B5D28072BCF454400B96591 /* Assets.xcassets in Resources */,
			);
			runOnlyForDeploymentPostprocessing = 0;
		};
		2B5D280D2BCF454400B96591 /* Resources */ = {
			isa = PBXResourcesBuildPhase;
			buildActionMask = 2147483647;
			files = (
				2B5D28492BCF51B300B96591 /* SampleShowList.json in Resources */,
				2B5D284B2BCF51B300B96591 /* SampleShowSearchResponse.json in Resources */,
				2B5D28482BCF51B300B96591 /* ShowEpisodesSample.json in Resources */,
				2B5D284C2BCF51B300B96591 /* SampleShowsPage1.json in Resources */,
				2B5D284A2BCF51B300B96591 /* SampleShow.json in Resources */,
				2B5D28472BCF51B300B96591 /* SampleShowsPage0.json in Resources */,
			);
			runOnlyForDeploymentPostprocessing = 0;
		};
		2B5D28172BCF454400B96591 /* Resources */ = {
			isa = PBXResourcesBuildPhase;
			buildActionMask = 2147483647;
			files = (
			);
			runOnlyForDeploymentPostprocessing = 0;
		};
/* End PBXResourcesBuildPhase section */

/* Begin PBXSourcesBuildPhase section */
		2B5D27FB2BCF454300B96591 /* Sources */ = {
			isa = PBXSourcesBuildPhase;
			buildActionMask = 2147483647;
			files = (
				2B5D286B2BCF6B6800B96591 /* ImageCache.swift in Sources */,
				2B5D285C2BCF56A700B96591 /* TVmazeAPIDataProvider.swift in Sources */,
				2B5D28602BCF60BB00B96591 /* PagedShowsView.swift in Sources */,
				2B5D28052BCF454300B96591 /* ContentView.swift in Sources */,
				2B5D28642BCF60ED00B96591 /* PagedShowsPresenter.swift in Sources */,
				2B5D283C2BCF510700B96591 /* Episode.swift in Sources */,
				2BBC5C822BCFD621009AA598 /* ShowDetailsRouter.swift in Sources */,
				2B5D286D2BCF6BBB00B96591 /* SampleEntities.swift in Sources */,
				2B5D287C2BCFA67900B96591 /* ShowSearchView.swift in Sources */,
				2B5D28312BCF50C000B96591 /* PosterHavingType.swift in Sources */,
				2B5D28832BCFB0EF00B96591 /* String+SearchSanitising.swift in Sources */,
				2BBC5C7D2BCFD4FF009AA598 /* Image+Formatting.swift in Sources */,
				2B5D28622BCF60DC00B96591 /* PagedShowsInterator.swift in Sources */,
				2B5D28392BCF510700B96591 /* Images.swift in Sources */,
				2B5D28382BCF510700B96591 /* ShowContainer.swift in Sources */,
				2B5D287E2BCFA68D00B96591 /* ShowSearchPresenter.swift in Sources */,
				2BBC5C772BCFC895009AA598 /* ShowDetailsView.swift in Sources */,
				2B5D28802BCFA69C00B96591 /* ShowSearchInteractor.swift in Sources */,
				2B5D283B2BCF510700B96591 /* Show.swift in Sources */,
				2B5D28692BCF6B1300B96591 /* ShowRowView.swift in Sources */,
				2BBC5C7B2BCFC8EE009AA598 /* ShowDetailsPresenter.swift in Sources */,
				2B5D283A2BCF510700B96591 /* Season.swift in Sources */,
				2B5D28032BCF454300B96591 /* TVMazeAssessmentVIPERApp.swift in Sources */,
				2BED59FB2BD0380D0081E963 /* EpisodeRowView.swift in Sources */,
				2BBC5C802BCFD573009AA598 /* String+RemoveHTMLTags.swift in Sources */,
				2BBC5C792BCFC8DF009AA598 /* ShowDetailsInteractor.swift in Sources */,
				2BED5A012BD060D90081E963 /* ShowDetailRouter.swift in Sources */,
				2B5D283D2BCF510700B96591 /* Schedule.swift in Sources */,
			);
			runOnlyForDeploymentPostprocessing = 0;
		};
		2B5D280B2BCF454400B96591 /* Sources */ = {
			isa = PBXSourcesBuildPhase;
			buildActionMask = 2147483647;
			files = (
				2B5D28742BCF84BC00B96591 /* MockTVmazeAPIDataProvider.swift in Sources */,
				2B5D28522BCF51C500B96591 /* SeasonTests.swift in Sources */,
				2B5D28512BCF51C500B96591 /* ShowContainerTests.swift in Sources */,
				2BED5A032BD064470081E963 /* ShowDetailsInteractorTests.swift in Sources */,
				2BBC5C742BCFC6CF009AA598 /* SearchShowsInteractorTests.swift in Sources */,
				2B5D28562BCF51E700B96591 /* JSONLoader.swift in Sources */,
				2B5D28532BCF51C500B96591 /* ShowTests.swift in Sources */,
				2B5D28702BCF762300B96591 /* PagedShowsInteractorTests.swift in Sources */,
				2B5D28542BCF51C500B96591 /* EpisodeTests.swift in Sources */,
			);
			runOnlyForDeploymentPostprocessing = 0;
		};
		2B5D28152BCF454400B96591 /* Sources */ = {
			isa = PBXSourcesBuildPhase;
			buildActionMask = 2147483647;
			files = (
				2B5D28202BCF454400B96591 /* TVMazeAssessmentVIPERUITestsLaunchTests.swift in Sources */,
				2B5D281E2BCF454400B96591 /* TVMazeAssessmentVIPERUITests.swift in Sources */,
			);
			runOnlyForDeploymentPostprocessing = 0;
		};
/* End PBXSourcesBuildPhase section */

/* Begin PBXTargetDependency section */
		2B5D28112BCF454400B96591 /* PBXTargetDependency */ = {
			isa = PBXTargetDependency;
			target = 2B5D27FE2BCF454300B96591 /* TVMazeAssessmentVIPER */;
			targetProxy = 2B5D28102BCF454400B96591 /* PBXContainerItemProxy */;
		};
		2B5D281B2BCF454400B96591 /* PBXTargetDependency */ = {
			isa = PBXTargetDependency;
			target = 2B5D27FE2BCF454300B96591 /* TVMazeAssessmentVIPER */;
			targetProxy = 2B5D281A2BCF454400B96591 /* PBXContainerItemProxy */;
		};
/* End PBXTargetDependency section */

/* Begin XCBuildConfiguration section */
		2B5D28212BCF454400B96591 /* Debug */ = {
			isa = XCBuildConfiguration;
			buildSettings = {
				ALWAYS_SEARCH_USER_PATHS = NO;
				ASSETCATALOG_COMPILER_GENERATE_SWIFT_ASSET_SYMBOL_EXTENSIONS = YES;
				CLANG_ANALYZER_NONNULL = YES;
				CLANG_ANALYZER_NUMBER_OBJECT_CONVERSION = YES_AGGRESSIVE;
				CLANG_CXX_LANGUAGE_STANDARD = "gnu++20";
				CLANG_ENABLE_MODULES = YES;
				CLANG_ENABLE_OBJC_ARC = YES;
				CLANG_ENABLE_OBJC_WEAK = YES;
				CLANG_WARN_BLOCK_CAPTURE_AUTORELEASING = YES;
				CLANG_WARN_BOOL_CONVERSION = YES;
				CLANG_WARN_COMMA = YES;
				CLANG_WARN_CONSTANT_CONVERSION = YES;
				CLANG_WARN_DEPRECATED_OBJC_IMPLEMENTATIONS = YES;
				CLANG_WARN_DIRECT_OBJC_ISA_USAGE = YES_ERROR;
				CLANG_WARN_DOCUMENTATION_COMMENTS = YES;
				CLANG_WARN_EMPTY_BODY = YES;
				CLANG_WARN_ENUM_CONVERSION = YES;
				CLANG_WARN_INFINITE_RECURSION = YES;
				CLANG_WARN_INT_CONVERSION = YES;
				CLANG_WARN_NON_LITERAL_NULL_CONVERSION = YES;
				CLANG_WARN_OBJC_IMPLICIT_RETAIN_SELF = YES;
				CLANG_WARN_OBJC_LITERAL_CONVERSION = YES;
				CLANG_WARN_OBJC_ROOT_CLASS = YES_ERROR;
				CLANG_WARN_QUOTED_INCLUDE_IN_FRAMEWORK_HEADER = YES;
				CLANG_WARN_RANGE_LOOP_ANALYSIS = YES;
				CLANG_WARN_STRICT_PROTOTYPES = YES;
				CLANG_WARN_SUSPICIOUS_MOVE = YES;
				CLANG_WARN_UNGUARDED_AVAILABILITY = YES_AGGRESSIVE;
				CLANG_WARN_UNREACHABLE_CODE = YES;
				CLANG_WARN__DUPLICATE_METHOD_MATCH = YES;
				COPY_PHASE_STRIP = NO;
				DEBUG_INFORMATION_FORMAT = dwarf;
				ENABLE_STRICT_OBJC_MSGSEND = YES;
				ENABLE_TESTABILITY = YES;
				ENABLE_USER_SCRIPT_SANDBOXING = YES;
				GCC_C_LANGUAGE_STANDARD = gnu17;
				GCC_DYNAMIC_NO_PIC = NO;
				GCC_NO_COMMON_BLOCKS = YES;
				GCC_OPTIMIZATION_LEVEL = 0;
				GCC_PREPROCESSOR_DEFINITIONS = (
					"DEBUG=1",
					"$(inherited)",
				);
				GCC_WARN_64_TO_32_BIT_CONVERSION = YES;
				GCC_WARN_ABOUT_RETURN_TYPE = YES_ERROR;
				GCC_WARN_UNDECLARED_SELECTOR = YES;
				GCC_WARN_UNINITIALIZED_AUTOS = YES_AGGRESSIVE;
				GCC_WARN_UNUSED_FUNCTION = YES;
				GCC_WARN_UNUSED_VARIABLE = YES;
				IPHONEOS_DEPLOYMENT_TARGET = 16.0;
				LOCALIZATION_PREFERS_STRING_CATALOGS = YES;
				MTL_ENABLE_DEBUG_INFO = INCLUDE_SOURCE;
				MTL_FAST_MATH = YES;
				ONLY_ACTIVE_ARCH = YES;
				SDKROOT = iphoneos;
				SWIFT_ACTIVE_COMPILATION_CONDITIONS = "DEBUG $(inherited)";
				SWIFT_OPTIMIZATION_LEVEL = "-Onone";
			};
			name = Debug;
		};
		2B5D28222BCF454400B96591 /* Release */ = {
			isa = XCBuildConfiguration;
			buildSettings = {
				ALWAYS_SEARCH_USER_PATHS = NO;
				ASSETCATALOG_COMPILER_GENERATE_SWIFT_ASSET_SYMBOL_EXTENSIONS = YES;
				CLANG_ANALYZER_NONNULL = YES;
				CLANG_ANALYZER_NUMBER_OBJECT_CONVERSION = YES_AGGRESSIVE;
				CLANG_CXX_LANGUAGE_STANDARD = "gnu++20";
				CLANG_ENABLE_MODULES = YES;
				CLANG_ENABLE_OBJC_ARC = YES;
				CLANG_ENABLE_OBJC_WEAK = YES;
				CLANG_WARN_BLOCK_CAPTURE_AUTORELEASING = YES;
				CLANG_WARN_BOOL_CONVERSION = YES;
				CLANG_WARN_COMMA = YES;
				CLANG_WARN_CONSTANT_CONVERSION = YES;
				CLANG_WARN_DEPRECATED_OBJC_IMPLEMENTATIONS = YES;
				CLANG_WARN_DIRECT_OBJC_ISA_USAGE = YES_ERROR;
				CLANG_WARN_DOCUMENTATION_COMMENTS = YES;
				CLANG_WARN_EMPTY_BODY = YES;
				CLANG_WARN_ENUM_CONVERSION = YES;
				CLANG_WARN_INFINITE_RECURSION = YES;
				CLANG_WARN_INT_CONVERSION = YES;
				CLANG_WARN_NON_LITERAL_NULL_CONVERSION = YES;
				CLANG_WARN_OBJC_IMPLICIT_RETAIN_SELF = YES;
				CLANG_WARN_OBJC_LITERAL_CONVERSION = YES;
				CLANG_WARN_OBJC_ROOT_CLASS = YES_ERROR;
				CLANG_WARN_QUOTED_INCLUDE_IN_FRAMEWORK_HEADER = YES;
				CLANG_WARN_RANGE_LOOP_ANALYSIS = YES;
				CLANG_WARN_STRICT_PROTOTYPES = YES;
				CLANG_WARN_SUSPICIOUS_MOVE = YES;
				CLANG_WARN_UNGUARDED_AVAILABILITY = YES_AGGRESSIVE;
				CLANG_WARN_UNREACHABLE_CODE = YES;
				CLANG_WARN__DUPLICATE_METHOD_MATCH = YES;
				COPY_PHASE_STRIP = NO;
				DEBUG_INFORMATION_FORMAT = "dwarf-with-dsym";
				ENABLE_NS_ASSERTIONS = NO;
				ENABLE_STRICT_OBJC_MSGSEND = YES;
				ENABLE_USER_SCRIPT_SANDBOXING = YES;
				GCC_C_LANGUAGE_STANDARD = gnu17;
				GCC_NO_COMMON_BLOCKS = YES;
				GCC_WARN_64_TO_32_BIT_CONVERSION = YES;
				GCC_WARN_ABOUT_RETURN_TYPE = YES_ERROR;
				GCC_WARN_UNDECLARED_SELECTOR = YES;
				GCC_WARN_UNINITIALIZED_AUTOS = YES_AGGRESSIVE;
				GCC_WARN_UNUSED_FUNCTION = YES;
				GCC_WARN_UNUSED_VARIABLE = YES;
				IPHONEOS_DEPLOYMENT_TARGET = 16.0;
				LOCALIZATION_PREFERS_STRING_CATALOGS = YES;
				MTL_ENABLE_DEBUG_INFO = NO;
				MTL_FAST_MATH = YES;
				SDKROOT = iphoneos;
				SWIFT_COMPILATION_MODE = wholemodule;
				VALIDATE_PRODUCT = YES;
			};
			name = Release;
		};
		2B5D28242BCF454400B96591 /* Debug */ = {
			isa = XCBuildConfiguration;
			buildSettings = {
				ASSETCATALOG_COMPILER_APPICON_NAME = AppIcon;
				ASSETCATALOG_COMPILER_GLOBAL_ACCENT_COLOR_NAME = AccentColor;
				CODE_SIGN_STYLE = Automatic;
				CURRENT_PROJECT_VERSION = 1;
				DEVELOPMENT_ASSET_PATHS = "\"TVMazeAssessmentVIPER/Preview Content\"";
				DEVELOPMENT_TEAM = H7MUL7BCTG;
				ENABLE_PREVIEWS = YES;
				GENERATE_INFOPLIST_FILE = YES;
				INFOPLIST_KEY_UIApplicationSceneManifest_Generation = YES;
				INFOPLIST_KEY_UIApplicationSupportsIndirectInputEvents = YES;
				INFOPLIST_KEY_UILaunchScreen_Generation = YES;
				INFOPLIST_KEY_UISupportedInterfaceOrientations_iPad = "UIInterfaceOrientationPortrait UIInterfaceOrientationPortraitUpsideDown UIInterfaceOrientationLandscapeLeft UIInterfaceOrientationLandscapeRight";
				INFOPLIST_KEY_UISupportedInterfaceOrientations_iPhone = "UIInterfaceOrientationPortrait UIInterfaceOrientationLandscapeLeft UIInterfaceOrientationLandscapeRight";
				LD_RUNPATH_SEARCH_PATHS = (
					"$(inherited)",
					"@executable_path/Frameworks",
				);
				MARKETING_VERSION = 1.0;
				PRODUCT_BUNDLE_IDENTIFIER = com.otaviokz.TVMazeAssessmentVIPER;
				PRODUCT_NAME = "$(TARGET_NAME)";
				SWIFT_EMIT_LOC_STRINGS = YES;
				SWIFT_VERSION = 5.0;
				TARGETED_DEVICE_FAMILY = "1,2";
			};
			name = Debug;
		};
		2B5D28252BCF454400B96591 /* Release */ = {
			isa = XCBuildConfiguration;
			buildSettings = {
				ASSETCATALOG_COMPILER_APPICON_NAME = AppIcon;
				ASSETCATALOG_COMPILER_GLOBAL_ACCENT_COLOR_NAME = AccentColor;
				CODE_SIGN_STYLE = Automatic;
				CURRENT_PROJECT_VERSION = 1;
				DEVELOPMENT_ASSET_PATHS = "\"TVMazeAssessmentVIPER/Preview Content\"";
				DEVELOPMENT_TEAM = H7MUL7BCTG;
				ENABLE_PREVIEWS = YES;
				GENERATE_INFOPLIST_FILE = YES;
				INFOPLIST_KEY_UIApplicationSceneManifest_Generation = YES;
				INFOPLIST_KEY_UIApplicationSupportsIndirectInputEvents = YES;
				INFOPLIST_KEY_UILaunchScreen_Generation = YES;
				INFOPLIST_KEY_UISupportedInterfaceOrientations_iPad = "UIInterfaceOrientationPortrait UIInterfaceOrientationPortraitUpsideDown UIInterfaceOrientationLandscapeLeft UIInterfaceOrientationLandscapeRight";
				INFOPLIST_KEY_UISupportedInterfaceOrientations_iPhone = "UIInterfaceOrientationPortrait UIInterfaceOrientationLandscapeLeft UIInterfaceOrientationLandscapeRight";
				LD_RUNPATH_SEARCH_PATHS = (
					"$(inherited)",
					"@executable_path/Frameworks",
				);
				MARKETING_VERSION = 1.0;
				PRODUCT_BUNDLE_IDENTIFIER = com.otaviokz.TVMazeAssessmentVIPER;
				PRODUCT_NAME = "$(TARGET_NAME)";
				SWIFT_EMIT_LOC_STRINGS = YES;
				SWIFT_VERSION = 5.0;
				TARGETED_DEVICE_FAMILY = "1,2";
			};
			name = Release;
		};
		2B5D28272BCF454400B96591 /* Debug */ = {
			isa = XCBuildConfiguration;
			buildSettings = {
				ALWAYS_EMBED_SWIFT_STANDARD_LIBRARIES = YES;
				BUNDLE_LOADER = "$(TEST_HOST)";
				CODE_SIGN_STYLE = Automatic;
				CURRENT_PROJECT_VERSION = 1;
				DEVELOPMENT_TEAM = H7MUL7BCTG;
				GENERATE_INFOPLIST_FILE = YES;
				IPHONEOS_DEPLOYMENT_TARGET = 17.0;
				MARKETING_VERSION = 1.0;
				PRODUCT_BUNDLE_IDENTIFIER = com.otaviokz.TVMazeAssessmentVIPERTests;
				PRODUCT_NAME = "$(TARGET_NAME)";
				SWIFT_EMIT_LOC_STRINGS = NO;
				SWIFT_VERSION = 5.0;
				TARGETED_DEVICE_FAMILY = "1,2";
				TEST_HOST = "$(BUILT_PRODUCTS_DIR)/TVMazeAssessmentVIPER.app/$(BUNDLE_EXECUTABLE_FOLDER_PATH)/TVMazeAssessmentVIPER";
			};
			name = Debug;
		};
		2B5D28282BCF454400B96591 /* Release */ = {
			isa = XCBuildConfiguration;
			buildSettings = {
				ALWAYS_EMBED_SWIFT_STANDARD_LIBRARIES = YES;
				BUNDLE_LOADER = "$(TEST_HOST)";
				CODE_SIGN_STYLE = Automatic;
				CURRENT_PROJECT_VERSION = 1;
				DEVELOPMENT_TEAM = H7MUL7BCTG;
				GENERATE_INFOPLIST_FILE = YES;
				IPHONEOS_DEPLOYMENT_TARGET = 17.0;
				MARKETING_VERSION = 1.0;
				PRODUCT_BUNDLE_IDENTIFIER = com.otaviokz.TVMazeAssessmentVIPERTests;
				PRODUCT_NAME = "$(TARGET_NAME)";
				SWIFT_EMIT_LOC_STRINGS = NO;
				SWIFT_VERSION = 5.0;
				TARGETED_DEVICE_FAMILY = "1,2";
				TEST_HOST = "$(BUILT_PRODUCTS_DIR)/TVMazeAssessmentVIPER.app/$(BUNDLE_EXECUTABLE_FOLDER_PATH)/TVMazeAssessmentVIPER";
			};
			name = Release;
		};
		2B5D282A2BCF454400B96591 /* Debug */ = {
			isa = XCBuildConfiguration;
			buildSettings = {
				ALWAYS_EMBED_SWIFT_STANDARD_LIBRARIES = YES;
				CODE_SIGN_STYLE = Automatic;
				CURRENT_PROJECT_VERSION = 1;
				DEVELOPMENT_TEAM = H7MUL7BCTG;
				GENERATE_INFOPLIST_FILE = YES;
				MARKETING_VERSION = 1.0;
				PRODUCT_BUNDLE_IDENTIFIER = com.otaviokz.TVMazeAssessmentVIPERUITests;
				PRODUCT_NAME = "$(TARGET_NAME)";
				SWIFT_EMIT_LOC_STRINGS = NO;
				SWIFT_VERSION = 5.0;
				TARGETED_DEVICE_FAMILY = "1,2";
				TEST_TARGET_NAME = TVMazeAssessmentVIPER;
			};
			name = Debug;
		};
		2B5D282B2BCF454400B96591 /* Release */ = {
			isa = XCBuildConfiguration;
			buildSettings = {
				ALWAYS_EMBED_SWIFT_STANDARD_LIBRARIES = YES;
				CODE_SIGN_STYLE = Automatic;
				CURRENT_PROJECT_VERSION = 1;
				DEVELOPMENT_TEAM = H7MUL7BCTG;
				GENERATE_INFOPLIST_FILE = YES;
				MARKETING_VERSION = 1.0;
				PRODUCT_BUNDLE_IDENTIFIER = com.otaviokz.TVMazeAssessmentVIPERUITests;
				PRODUCT_NAME = "$(TARGET_NAME)";
				SWIFT_EMIT_LOC_STRINGS = NO;
				SWIFT_VERSION = 5.0;
				TARGETED_DEVICE_FAMILY = "1,2";
				TEST_TARGET_NAME = TVMazeAssessmentVIPER;
			};
			name = Release;
		};
/* End XCBuildConfiguration section */

/* Begin XCConfigurationList section */
		2B5D27FA2BCF454300B96591 /* Build configuration list for PBXProject "TVMazeAssessmentVIPER" */ = {
			isa = XCConfigurationList;
			buildConfigurations = (
				2B5D28212BCF454400B96591 /* Debug */,
				2B5D28222BCF454400B96591 /* Release */,
			);
			defaultConfigurationIsVisible = 0;
			defaultConfigurationName = Release;
		};
		2B5D28232BCF454400B96591 /* Build configuration list for PBXNativeTarget "TVMazeAssessmentVIPER" */ = {
			isa = XCConfigurationList;
			buildConfigurations = (
				2B5D28242BCF454400B96591 /* Debug */,
				2B5D28252BCF454400B96591 /* Release */,
			);
			defaultConfigurationIsVisible = 0;
			defaultConfigurationName = Release;
		};
		2B5D28262BCF454400B96591 /* Build configuration list for PBXNativeTarget "TVMazeAssessmentVIPERTests" */ = {
			isa = XCConfigurationList;
			buildConfigurations = (
				2B5D28272BCF454400B96591 /* Debug */,
				2B5D28282BCF454400B96591 /* Release */,
			);
			defaultConfigurationIsVisible = 0;
			defaultConfigurationName = Release;
		};
		2B5D28292BCF454400B96591 /* Build configuration list for PBXNativeTarget "TVMazeAssessmentVIPERUITests" */ = {
			isa = XCConfigurationList;
			buildConfigurations = (
				2B5D282A2BCF454400B96591 /* Debug */,
				2B5D282B2BCF454400B96591 /* Release */,
			);
			defaultConfigurationIsVisible = 0;
			defaultConfigurationName = Release;
		};
/* End XCConfigurationList section */

/* Begin XCRemoteSwiftPackageReference section */
		2BBC5C832BCFDA06009AA598 /* XCRemoteSwiftPackageReference "JSONHTTPClient" */ = {
			isa = XCRemoteSwiftPackageReference;
			repositoryURL = "https://github.com/otaviokz/JSONHTTPClient";
			requirement = {
				kind = upToNextMajorVersion;
				minimumVersion = 1.0.1;
			};
		};
		2BED59FC2BD05DA90081E963 /* XCRemoteSwiftPackageReference "XCTestBlockExpectations" */ = {
			isa = XCRemoteSwiftPackageReference;
			repositoryURL = "git@github.com:otaviokz/XCTestBlockExpectations.git";
			requirement = {
				kind = upToNextMinorVersion;
				minimumVersion = 0.9.0;
			};
		};
/* End XCRemoteSwiftPackageReference section */

/* Begin XCSwiftPackageProductDependency section */
		2BBC5C852BCFDA27009AA598 /* JSONHTTPClient */ = {
			isa = XCSwiftPackageProductDependency;
			package = 2BBC5C832BCFDA06009AA598 /* XCRemoteSwiftPackageReference "JSONHTTPClient" */;
			productName = JSONHTTPClient;
		};
		2BED59FD2BD05DFC0081E963 /* XCTest_BlockExpectations */ = {
			isa = XCSwiftPackageProductDependency;
			package = 2BED59FC2BD05DA90081E963 /* XCRemoteSwiftPackageReference "XCTestBlockExpectations" */;
			productName = XCTest_BlockExpectations;
		};
/* End XCSwiftPackageProductDependency section */
	};
	rootObject = 2B5D27F72BCF454300B96591 /* Project object */;
}
