{
  "originHash" : "771f991251102bb56c52145260a4818247cccea379deb272d08111af8ab14267",
  "pins" : [
    {
      "identity" : "jsonhttpclient",
      "kind" : "remoteSourceControl",
      "location" : "https://github.com/otaviokz/JSONHTTPClient",
      "state" : {
        "branch" : "develop",
        "revision" : "23c1671af60dcc61b447386db2fae27981a2fd6a"
      }
    },
    {
      "identity" : "xctestblockexpectations",
      "kind" : "remoteSourceControl",
      "location" : "https://github.com/otaviokz/XCTestBlockExpectations",
      "state" : {
        "branch" : "develop",
        "revision" : "82e15411f04cf89e14838692c9519910037653f4"
      }
    }
  ],
  "version" : 3
}
